
Microsoft Visual Studio Solution File, Format Version 12.00
# Visual Studio Version 17
VisualStudioVersion = 17.10.34916.146
MinimumVisualStudioVersion = 10.0.40219.1
Project("{FAE04EC0-301F-11D3-BF4B-00C04F79EFBC}") = "AlgorithmQuestions", "AlgorithmQuestions\AlgorithmQuestions.csproj", "{9461868D-4CAD-4A7C-A5ED-7F0EB0ABD646}"
EndProject
Global
	GlobalSection(SolutionConfigurationPlatforms) = preSolution
		Debug|Any CPU = Debug|Any CPU
		Release|Any CPU = Release|Any CPU
	EndGlobalSection
	GlobalSection(ProjectConfigurationPlatforms) = postSolution
		{9461868D-4CAD-4A7C-A5ED-7F0EB0ABD646}.Debug|Any CPU.ActiveCfg = Debug|Any CPU
		{9461868D-4CAD-4A7C-A5ED-7F0EB0ABD646}.Debug|Any CPU.Build.0 = Debug|Any CPU
		{9461868D-4CAD-4A7C-A5ED-7F0EB0ABD646}.Release|Any CPU.ActiveCfg = Release|Any CPU
		{9461868D-4CAD-4A7C-A5ED-7F0EB0ABD646}.Release|Any CPU.Build.0 = Release|Any CPU
	EndGlobalSection
	GlobalSection(SolutionProperties) = preSolution
		HideSolutionNode = FALSE
	EndGlobalSection
	GlobalSection(ExtensibilityGlobals) = postSolution
		SolutionGuid = {605397B6-3641-4B27-B183-FE4F9E7DB018}
	EndGlobalSection
EndGlobal
